// !$*UTF8*$!
{
	archiveVersion = 1;
	classes = {
	};
	objectVersion = 56;
	objects = {

/* Begin PBXBuildFile section */
		414F1EC32B163E5500D1AC69 /* SceneDelegate.swift in Sources */ = {isa = PBXBuildFile; fileRef = 414F1EC22B163E5500D1AC69 /* SceneDelegate.swift */; };
		414F1EC82B163E5500D1AC69 /* Main.storyboard in Resources */ = {isa = PBXBuildFile; fileRef = 414F1EC62B163E5500D1AC69 /* Main.storyboard */; };
		414F1ECA2B163E5600D1AC69 /* Assets.xcassets in Resources */ = {isa = PBXBuildFile; fileRef = 414F1EC92B163E5600D1AC69 /* Assets.xcassets */; };
		414F1ECD2B163E5600D1AC69 /* LaunchScreen.storyboard in Resources */ = {isa = PBXBuildFile; fileRef = 414F1ECB2B163E5600D1AC69 /* LaunchScreen.storyboard */; };
		4184241F2B1CEA1400D2B396 /* ReminderListViewController+DataSource.swift in Sources */ = {isa = PBXBuildFile; fileRef = 41B395F92B17888900530D8D /* ReminderListViewController+DataSource.swift */; };
		418424202B1CEA1600D2B396 /* ReminderListViewController+Actions.swift in Sources */ = {isa = PBXBuildFile; fileRef = 41B395FD2B1797B100530D8D /* ReminderListViewController+Actions.swift */; };
		418424212B1CEA1D00D2B396 /* AppDelegate.swift in Sources */ = {isa = PBXBuildFile; fileRef = 414F1EC02B163E5500D1AC69 /* AppDelegate.swift */; };
		418424222B1CEA2400D2B396 /* ReminderListViewController.swift in Sources */ = {isa = PBXBuildFile; fileRef = 414F1EC42B163E5500D1AC69 /* ReminderListViewController.swift */; };
		418424292B1CEA9D00D2B396 /* TextFieldContentView.swift in Sources */ = {isa = PBXBuildFile; fileRef = 418424242B1CEA9D00D2B396 /* TextFieldContentView.swift */; };
		4184242A2B1CEA9D00D2B396 /* DatePickerContentView.swift in Sources */ = {isa = PBXBuildFile; fileRef = 418424252B1CEA9D00D2B396 /* DatePickerContentView.swift */; };
		4184242B2B1CEA9D00D2B396 /* UIContentConfiguration+Stateless.swift in Sources */ = {isa = PBXBuildFile; fileRef = 418424262B1CEA9D00D2B396 /* UIContentConfiguration+Stateless.swift */; };
		4184242C2B1CEA9D00D2B396 /* UIView+PinnedSubview.swift in Sources */ = {isa = PBXBuildFile; fileRef = 418424272B1CEA9D00D2B396 /* UIView+PinnedSubview.swift */; };
		4184242D2B1CEA9D00D2B396 /* TextViewContentView.swift in Sources */ = {isa = PBXBuildFile; fileRef = 418424282B1CEA9D00D2B396 /* TextViewContentView.swift */; };
		418424342B1CEEE800D2B396 /* ReminderViewController.swift in Sources */ = {isa = PBXBuildFile; fileRef = 41B395FF2B18D85000530D8D /* ReminderViewController.swift */; };
		418424352B1CEEEB00D2B396 /* DetailViewController+Row.swift in Sources */ = {isa = PBXBuildFile; fileRef = 41B396022B18DC5700530D8D /* DetailViewController+Row.swift */; };
		418424362B1CEEED00D2B396 /* ReminderViewController+CellConfiguration.swift in Sources */ = {isa = PBXBuildFile; fileRef = 4184242E2B1CECE500D2B396 /* ReminderViewController+CellConfiguration.swift */; };
		418424372B1CEEF000D2B396 /* ReminderViewController+Section.swift in Sources */ = {isa = PBXBuildFile; fileRef = 41B396042B19E3B900530D8D /* ReminderViewController+Section.swift */; };
		418424512B1F73BD00D2B396 /* ReminderListStyle.swift in Sources */ = {isa = PBXBuildFile; fileRef = 418424502B1F73BD00D2B396 /* ReminderListStyle.swift */; };
		418424552B20890B00D2B396 /* ProgressHeaderView.swift in Sources */ = {isa = PBXBuildFile; fileRef = 418424542B20890B00D2B396 /* ProgressHeaderView.swift */; };
		418424572B2220B500D2B396 /* CAGradientLayer+ListStyle.swift in Sources */ = {isa = PBXBuildFile; fileRef = 418424562B2220B500D2B396 /* CAGradientLayer+ListStyle.swift */; };
		418424592B23B0ED00D2B396 /* TodayError.swift in Sources */ = {isa = PBXBuildFile; fileRef = 418424582B23B0ED00D2B396 /* TodayError.swift */; };
		4184245B2B23B1D100D2B396 /* EKEventStore+AsyncFetch.swift in Sources */ = {isa = PBXBuildFile; fileRef = 4184245A2B23B1D100D2B396 /* EKEventStore+AsyncFetch.swift */; };
		4184245D2B23B2FB00D2B396 /* Reminder+EKReminder.swift in Sources */ = {isa = PBXBuildFile; fileRef = 4184245C2B23B2FB00D2B396 /* Reminder+EKReminder.swift */; };
		4184245F2B23B3A400D2B396 /* ReminderStore.swift in Sources */ = {isa = PBXBuildFile; fileRef = 4184245E2B23B3A400D2B396 /* ReminderStore.swift */; };
		41B395EF2B16420900530D8D /* Reminder.swift in Sources */ = {isa = PBXBuildFile; fileRef = 41B395EE2B16420900530D8D /* Reminder.swift */; };
		41B395F32B16499F00530D8D /* README.md in Resources */ = {isa = PBXBuildFile; fileRef = 41B395F22B16499F00530D8D /* README.md */; };
		41B395F52B1784D200530D8D /* Date+Today.swift in Sources */ = {isa = PBXBuildFile; fileRef = 41B395F42B1784D200530D8D /* Date+Today.swift */; };
		41B395FC2B1796E500530D8D /* ReminderDoneButton.swift in Sources */ = {isa = PBXBuildFile; fileRef = 41B395FB2B1796E500530D8D /* ReminderDoneButton.swift */; };
/* End PBXBuildFile section */

/* Begin PBXFileReference section */
		414F1EBD2B163E5500D1AC69 /* Today.app */ = {isa = PBXFileReference; explicitFileType = wrapper.application; includeInIndex = 0; path = Today.app; sourceTree = BUILT_PRODUCTS_DIR; };
		414F1EC02B163E5500D1AC69 /* AppDelegate.swift */ = {isa = PBXFileReference; lastKnownFileType = sourcecode.swift; path = AppDelegate.swift; sourceTree = "<group>"; };
		414F1EC22B163E5500D1AC69 /* SceneDelegate.swift */ = {isa = PBXFileReference; lastKnownFileType = sourcecode.swift; path = SceneDelegate.swift; sourceTree = "<group>"; };
		414F1EC42B163E5500D1AC69 /* ReminderListViewController.swift */ = {isa = PBXFileReference; lastKnownFileType = sourcecode.swift; path = ReminderListViewController.swift; sourceTree = "<group>"; };
		414F1EC72B163E5500D1AC69 /* Base */ = {isa = PBXFileReference; lastKnownFileType = file.storyboard; name = Base; path = Base.lproj/Main.storyboard; sourceTree = "<group>"; };
		414F1EC92B163E5600D1AC69 /* Assets.xcassets */ = {isa = PBXFileReference; lastKnownFileType = folder.assetcatalog; path = Assets.xcassets; sourceTree = "<group>"; };
		414F1ECC2B163E5600D1AC69 /* Base */ = {isa = PBXFileReference; lastKnownFileType = file.storyboard; name = Base; path = Base.lproj/LaunchScreen.storyboard; sourceTree = "<group>"; };
		414F1ECE2B163E5600D1AC69 /* Info.plist */ = {isa = PBXFileReference; lastKnownFileType = text.plist.xml; path = Info.plist; sourceTree = "<group>"; };
		418424242B1CEA9D00D2B396 /* TextFieldContentView.swift */ = {isa = PBXFileReference; fileEncoding = 4; lastKnownFileType = sourcecode.swift; path = TextFieldContentView.swift; sourceTree = "<group>"; };
		418424252B1CEA9D00D2B396 /* DatePickerContentView.swift */ = {isa = PBXFileReference; fileEncoding = 4; lastKnownFileType = sourcecode.swift; path = DatePickerContentView.swift; sourceTree = "<group>"; };
		418424262B1CEA9D00D2B396 /* UIContentConfiguration+Stateless.swift */ = {isa = PBXFileReference; fileEncoding = 4; lastKnownFileType = sourcecode.swift; path = "UIContentConfiguration+Stateless.swift"; sourceTree = "<group>"; };
		418424272B1CEA9D00D2B396 /* UIView+PinnedSubview.swift */ = {isa = PBXFileReference; fileEncoding = 4; lastKnownFileType = sourcecode.swift; path = "UIView+PinnedSubview.swift"; sourceTree = "<group>"; };
		418424282B1CEA9D00D2B396 /* TextViewContentView.swift */ = {isa = PBXFileReference; fileEncoding = 4; lastKnownFileType = sourcecode.swift; path = TextViewContentView.swift; sourceTree = "<group>"; };
		4184242E2B1CECE500D2B396 /* ReminderViewController+CellConfiguration.swift */ = {isa = PBXFileReference; fileEncoding = 4; lastKnownFileType = sourcecode.swift; name = "ReminderViewController+CellConfiguration.swift"; path = "../../../../Downloads/EditingReminders-3/Complete/Today/DetailViewController/ReminderViewController+CellConfiguration.swift"; sourceTree = "<group>"; };
		418424502B1F73BD00D2B396 /* ReminderListStyle.swift */ = {isa = PBXFileReference; lastKnownFileType = sourcecode.swift; path = ReminderListStyle.swift; sourceTree = "<group>"; };
		418424542B20890B00D2B396 /* ProgressHeaderView.swift */ = {isa = PBXFileReference; lastKnownFileType = sourcecode.swift; path = ProgressHeaderView.swift; sourceTree = "<group>"; };
		418424562B2220B500D2B396 /* CAGradientLayer+ListStyle.swift */ = {isa = PBXFileReference; lastKnownFileType = sourcecode.swift; path = "CAGradientLayer+ListStyle.swift"; sourceTree = "<group>"; };
		418424582B23B0ED00D2B396 /* TodayError.swift */ = {isa = PBXFileReference; lastKnownFileType = sourcecode.swift; path = TodayError.swift; sourceTree = "<group>"; };
		4184245A2B23B1D100D2B396 /* EKEventStore+AsyncFetch.swift */ = {isa = PBXFileReference; lastKnownFileType = sourcecode.swift; path = "EKEventStore+AsyncFetch.swift"; sourceTree = "<group>"; };
		4184245C2B23B2FB00D2B396 /* Reminder+EKReminder.swift */ = {isa = PBXFileReference; lastKnownFileType = sourcecode.swift; path = "Reminder+EKReminder.swift"; sourceTree = "<group>"; };
		4184245E2B23B3A400D2B396 /* ReminderStore.swift */ = {isa = PBXFileReference; lastKnownFileType = sourcecode.swift; path = ReminderStore.swift; sourceTree = "<group>"; };
		41B395EE2B16420900530D8D /* Reminder.swift */ = {isa = PBXFileReference; lastKnownFileType = sourcecode.swift; path = Reminder.swift; sourceTree = "<group>"; };
		41B395F22B16499F00530D8D /* README.md */ = {isa = PBXFileReference; fileEncoding = 4; lastKnownFileType = net.daringfireball.markdown; path = README.md; sourceTree = "<group>"; };
		41B395F42B1784D200530D8D /* Date+Today.swift */ = {isa = PBXFileReference; lastKnownFileType = sourcecode.swift; path = "Date+Today.swift"; sourceTree = "<group>"; };
		41B395F62B1787D300530D8D /* UIColor+Today.swift */ = {isa = PBXFileReference; fileEncoding = 4; lastKnownFileType = sourcecode.swift; path = "UIColor+Today.swift"; sourceTree = "<group>"; };
		41B395F92B17888900530D8D /* ReminderListViewController+DataSource.swift */ = {isa = PBXFileReference; lastKnownFileType = sourcecode.swift; path = "ReminderListViewController+DataSource.swift"; sourceTree = "<group>"; };
		41B395FB2B1796E500530D8D /* ReminderDoneButton.swift */ = {isa = PBXFileReference; lastKnownFileType = sourcecode.swift; path = ReminderDoneButton.swift; sourceTree = "<group>"; };
		41B395FD2B1797B100530D8D /* ReminderListViewController+Actions.swift */ = {isa = PBXFileReference; lastKnownFileType = sourcecode.swift; path = "ReminderListViewController+Actions.swift"; sourceTree = "<group>"; };
		41B395FF2B18D85000530D8D /* ReminderViewController.swift */ = {isa = PBXFileReference; lastKnownFileType = sourcecode.swift; path = ReminderViewController.swift; sourceTree = "<group>"; };
		41B396022B18DC5700530D8D /* DetailViewController+Row.swift */ = {isa = PBXFileReference; lastKnownFileType = sourcecode.swift; path = "DetailViewController+Row.swift"; sourceTree = "<group>"; };
		41B396042B19E3B900530D8D /* ReminderViewController+Section.swift */ = {isa = PBXFileReference; lastKnownFileType = sourcecode.swift; path = "ReminderViewController+Section.swift"; sourceTree = "<group>"; };
/* End PBXFileReference section */

/* Begin PBXFrameworksBuildPhase section */
		414F1EBA2B163E5500D1AC69 /* Frameworks */ = {
			isa = PBXFrameworksBuildPhase;
			buildActionMask = 2147483647;
			files = (
			);
			runOnlyForDeploymentPostprocessing = 0;
		};
/* End PBXFrameworksBuildPhase section */

/* Begin PBXGroup section */
		414F1EB42B163E5500D1AC69 = {
			isa = PBXGroup;
			children = (
				41B395F22B16499F00530D8D /* README.md */,
				414F1EBF2B163E5500D1AC69 /* Today */,
				414F1EBE2B163E5500D1AC69 /* Products */,
			);
			sourceTree = "<group>";
		};
		414F1EBE2B163E5500D1AC69 /* Products */ = {
			isa = PBXGroup;
			children = (
				414F1EBD2B163E5500D1AC69 /* Today.app */,
			);
			name = Products;
			sourceTree = "<group>";
		};
		414F1EBF2B163E5500D1AC69 /* Today */ = {
			isa = PBXGroup;
			children = (
				414F1EC02B163E5500D1AC69 /* AppDelegate.swift */,
				414F1EC22B163E5500D1AC69 /* SceneDelegate.swift */,
				418424232B1CEA8600D2B396 /* ContentViews */,
				41B395ED2B1641D900530D8D /* Models */,
				41B395F82B1787E100530D8D /* ListViewController */,
				41B396012B18DC3200530D8D /* DetailViewController */,
				414F1EC62B163E5500D1AC69 /* Main.storyboard */,
				414F1EC92B163E5600D1AC69 /* Assets.xcassets */,
				414F1ECB2B163E5600D1AC69 /* LaunchScreen.storyboard */,
				414F1ECE2B163E5600D1AC69 /* Info.plist */,
			);
			path = Today;
			sourceTree = "<group>";
		};
		418424232B1CEA8600D2B396 /* ContentViews */ = {
			isa = PBXGroup;
			children = (
				418424252B1CEA9D00D2B396 /* DatePickerContentView.swift */,
				418424242B1CEA9D00D2B396 /* TextFieldContentView.swift */,
				418424282B1CEA9D00D2B396 /* TextViewContentView.swift */,
				418424262B1CEA9D00D2B396 /* UIContentConfiguration+Stateless.swift */,
				418424272B1CEA9D00D2B396 /* UIView+PinnedSubview.swift */,
			);
			name = ContentViews;
			path = ../ContentViews;
			sourceTree = "<group>";
		};
		41B395ED2B1641D900530D8D /* Models */ = {
			isa = PBXGroup;
			children = (
				41B395EE2B16420900530D8D /* Reminder.swift */,
				41B395F62B1787D300530D8D /* UIColor+Today.swift */,
				41B395F42B1784D200530D8D /* Date+Today.swift */,
				418424502B1F73BD00D2B396 /* ReminderListStyle.swift */,
				418424562B2220B500D2B396 /* CAGradientLayer+ListStyle.swift */,
				418424582B23B0ED00D2B396 /* TodayError.swift */,
				4184245E2B23B3A400D2B396 /* ReminderStore.swift */,
				4184245C2B23B2FB00D2B396 /* Reminder+EKReminder.swift */,
				4184245A2B23B1D100D2B396 /* EKEventStore+AsyncFetch.swift */,
			);
			path = Models;
			sourceTree = "<group>";
		};
		41B395F82B1787E100530D8D /* ListViewController */ = {
			isa = PBXGroup;
			children = (
				414F1EC42B163E5500D1AC69 /* ReminderListViewController.swift */,
				41B395F92B17888900530D8D /* ReminderListViewController+DataSource.swift */,
				41B395FD2B1797B100530D8D /* ReminderListViewController+Actions.swift */,
				41B395FB2B1796E500530D8D /* ReminderDoneButton.swift */,
				418424542B20890B00D2B396 /* ProgressHeaderView.swift */,
			);
			path = ListViewController;
			sourceTree = "<group>";
		};
		41B396012B18DC3200530D8D /* DetailViewController */ = {
			isa = PBXGroup;
			children = (
				41B395FF2B18D85000530D8D /* ReminderViewController.swift */,
				41B396022B18DC5700530D8D /* DetailViewController+Row.swift */,
				4184242E2B1CECE500D2B396 /* ReminderViewController+CellConfiguration.swift */,
				41B396042B19E3B900530D8D /* ReminderViewController+Section.swift */,
			);
			path = DetailViewController;
			sourceTree = "<group>";
		};
/* End PBXGroup section */

/* Begin PBXNativeTarget section */
		414F1EBC2B163E5500D1AC69 /* Today */ = {
			isa = PBXNativeTarget;
			buildConfigurationList = 414F1ED12B163E5600D1AC69 /* Build configuration list for PBXNativeTarget "Today" */;
			buildPhases = (
				414F1EB92B163E5500D1AC69 /* Sources */,
				414F1EBA2B163E5500D1AC69 /* Frameworks */,
				414F1EBB2B163E5500D1AC69 /* Resources */,
			);
			buildRules = (
			);
			dependencies = (
			);
			name = Today;
			productName = Today;
			productReference = 414F1EBD2B163E5500D1AC69 /* Today.app */;
			productType = "com.apple.product-type.application";
		};
/* End PBXNativeTarget section */

/* Begin PBXProject section */
		414F1EB52B163E5500D1AC69 /* Project object */ = {
			isa = PBXProject;
			attributes = {
				BuildIndependentTargetsInParallel = 1;
				LastSwiftUpdateCheck = 1500;
				LastUpgradeCheck = 1500;
				TargetAttributes = {
					414F1EBC2B163E5500D1AC69 = {
						CreatedOnToolsVersion = 15.0.1;
					};
				};
			};
			buildConfigurationList = 414F1EB82B163E5500D1AC69 /* Build configuration list for PBXProject "Today" */;
			compatibilityVersion = "Xcode 14.0";
			developmentRegion = en;
			hasScannedForEncodings = 0;
			knownRegions = (
				en,
				Base,
			);
			mainGroup = 414F1EB42B163E5500D1AC69;
			productRefGroup = 414F1EBE2B163E5500D1AC69 /* Products */;
			projectDirPath = "";
			projectRoot = "";
			targets = (
				414F1EBC2B163E5500D1AC69 /* Today */,
			);
		};
/* End PBXProject section */

/* Begin PBXResourcesBuildPhase section */
		414F1EBB2B163E5500D1AC69 /* Resources */ = {
			isa = PBXResourcesBuildPhase;
			buildActionMask = 2147483647;
			files = (
				414F1ECD2B163E5600D1AC69 /* LaunchScreen.storyboard in Resources */,
				414F1ECA2B163E5600D1AC69 /* Assets.xcassets in Resources */,
				41B395F32B16499F00530D8D /* README.md in Resources */,
				414F1EC82B163E5500D1AC69 /* Main.storyboard in Resources */,
			);
			runOnlyForDeploymentPostprocessing = 0;
		};
/* End PBXResourcesBuildPhase section */

/* Begin PBXSourcesBuildPhase section */
		414F1EB92B163E5500D1AC69 /* Sources */ = {
			isa = PBXSourcesBuildPhase;
			buildActionMask = 2147483647;
			files = (
				418424352B1CEEEB00D2B396 /* DetailViewController+Row.swift in Sources */,
				418424212B1CEA1D00D2B396 /* AppDelegate.swift in Sources */,
				418424222B1CEA2400D2B396 /* ReminderListViewController.swift in Sources */,
				418424292B1CEA9D00D2B396 /* TextFieldContentView.swift in Sources */,
				4184241F2B1CEA1400D2B396 /* ReminderListViewController+DataSource.swift in Sources */,
				418424552B20890B00D2B396 /* ProgressHeaderView.swift in Sources */,
				4184242A2B1CEA9D00D2B396 /* DatePickerContentView.swift in Sources */,
				4184242B2B1CEA9D00D2B396 /* UIContentConfiguration+Stateless.swift in Sources */,
				418424202B1CEA1600D2B396 /* ReminderListViewController+Actions.swift in Sources */,
				4184245F2B23B3A400D2B396 /* ReminderStore.swift in Sources */,
				418424592B23B0ED00D2B396 /* TodayError.swift in Sources */,
				4184245D2B23B2FB00D2B396 /* Reminder+EKReminder.swift in Sources */,
				4184242C2B1CEA9D00D2B396 /* UIView+PinnedSubview.swift in Sources */,
				418424512B1F73BD00D2B396 /* ReminderListStyle.swift in Sources */,
				4184242D2B1CEA9D00D2B396 /* TextViewContentView.swift in Sources */,
				41B395EF2B16420900530D8D /* Reminder.swift in Sources */,
				418424572B2220B500D2B396 /* CAGradientLayer+ListStyle.swift in Sources */,
				41B395F52B1784D200530D8D /* Date+Today.swift in Sources */,
				4184245B2B23B1D100D2B396 /* EKEventStore+AsyncFetch.swift in Sources */,
				41B395FC2B1796E500530D8D /* ReminderDoneButton.swift in Sources */,
				414F1EC32B163E5500D1AC69 /* SceneDelegate.swift in Sources */,
				418424342B1CEEE800D2B396 /* ReminderViewController.swift in Sources */,
				418424362B1CEEED00D2B396 /* ReminderViewController+CellConfiguration.swift in Sources */,
				418424372B1CEEF000D2B396 /* ReminderViewController+Section.swift in Sources */,
			);
			runOnlyForDeploymentPostprocessing = 0;
		};
/* End PBXSourcesBuildPhase section */

/* Begin PBXVariantGroup section */
		414F1EC62B163E5500D1AC69 /* Main.storyboard */ = {
			isa = PBXVariantGroup;
			children = (
				414F1EC72B163E5500D1AC69 /* Base */,
			);
			name = Main.storyboard;
			sourceTree = "<group>";
		};
		414F1ECB2B163E5600D1AC69 /* LaunchScreen.storyboard */ = {
			isa = PBXVariantGroup;
			children = (
				414F1ECC2B163E5600D1AC69 /* Base */,
			);
			name = LaunchScreen.storyboard;
			sourceTree = "<group>";
		};
/* End PBXVariantGroup section */

/* Begin XCBuildConfiguration section */
		414F1ECF2B163E5600D1AC69 /* Debug */ = {
			isa = XCBuildConfiguration;
			buildSettings = {
				ALWAYS_SEARCH_USER_PATHS = NO;
				ASSETCATALOG_COMPILER_GENERATE_SWIFT_ASSET_SYMBOL_EXTENSIONS = YES;
				CLANG_ANALYZER_NONNULL = YES;
				CLANG_ANALYZER_NUMBER_OBJECT_CONVERSION = YES_AGGRESSIVE;
				CLANG_CXX_LANGUAGE_STANDARD = "gnu++20";
				CLANG_ENABLE_MODULES = YES;
				CLANG_ENABLE_OBJC_ARC = YES;
				CLANG_ENABLE_OBJC_WEAK = YES;
				CLANG_WARN_BLOCK_CAPTURE_AUTORELEASING = YES;
				CLANG_WARN_BOOL_CONVERSION = YES;
				CLANG_WARN_COMMA = YES;
				CLANG_WARN_CONSTANT_CONVERSION = YES;
				CLANG_WARN_DEPRECATED_OBJC_IMPLEMENTATIONS = YES;
				CLANG_WARN_DIRECT_OBJC_ISA_USAGE = YES_ERROR;
				CLANG_WARN_DOCUMENTATION_COMMENTS = YES;
				CLANG_WARN_EMPTY_BODY = YES;
				CLANG_WARN_ENUM_CONVERSION = YES;
				CLANG_WARN_INFINITE_RECURSION = YES;
				CLANG_WARN_INT_CONVERSION = YES;
				CLANG_WARN_NON_LITERAL_NULL_CONVERSION = YES;
				CLANG_WARN_OBJC_IMPLICIT_RETAIN_SELF = YES;
				CLANG_WARN_OBJC_LITERAL_CONVERSION = YES;
				CLANG_WARN_OBJC_ROOT_CLASS = YES_ERROR;
				CLANG_WARN_QUOTED_INCLUDE_IN_FRAMEWORK_HEADER = YES;
				CLANG_WARN_RANGE_LOOP_ANALYSIS = YES;
				CLANG_WARN_STRICT_PROTOTYPES = YES;
				CLANG_WARN_SUSPICIOUS_MOVE = YES;
				CLANG_WARN_UNGUARDED_AVAILABILITY = YES_AGGRESSIVE;
				CLANG_WARN_UNREACHABLE_CODE = YES;
				CLANG_WARN__DUPLICATE_METHOD_MATCH = YES;
				COPY_PHASE_STRIP = NO;
				DEBUG_INFORMATION_FORMAT = dwarf;
				ENABLE_STRICT_OBJC_MSGSEND = YES;
				ENABLE_TESTABILITY = YES;
				ENABLE_USER_SCRIPT_SANDBOXING = YES;
				GCC_C_LANGUAGE_STANDARD = gnu17;
				GCC_DYNAMIC_NO_PIC = NO;
				GCC_NO_COMMON_BLOCKS = YES;
				GCC_OPTIMIZATION_LEVEL = 0;
				GCC_PREPROCESSOR_DEFINITIONS = (
					"DEBUG=1",
					"$(inherited)",
				);
				GCC_WARN_64_TO_32_BIT_CONVERSION = YES;
				GCC_WARN_ABOUT_RETURN_TYPE = YES_ERROR;
				GCC_WARN_UNDECLARED_SELECTOR = YES;
				GCC_WARN_UNINITIALIZED_AUTOS = YES_AGGRESSIVE;
				GCC_WARN_UNUSED_FUNCTION = YES;
				GCC_WARN_UNUSED_VARIABLE = YES;
				IPHONEOS_DEPLOYMENT_TARGET = 17.0;
				LOCALIZATION_PREFERS_STRING_CATALOGS = YES;
				MTL_ENABLE_DEBUG_INFO = INCLUDE_SOURCE;
				MTL_FAST_MATH = YES;
				ONLY_ACTIVE_ARCH = YES;
				SDKROOT = iphoneos;
				SWIFT_ACTIVE_COMPILATION_CONDITIONS = "DEBUG $(inherited)";
				SWIFT_OPTIMIZATION_LEVEL = "-Onone";
			};
			name = Debug;
		};
		414F1ED02B163E5600D1AC69 /* Release */ = {
			isa = XCBuildConfiguration;
			buildSettings = {
				ALWAYS_SEARCH_USER_PATHS = NO;
				ASSETCATALOG_COMPILER_GENERATE_SWIFT_ASSET_SYMBOL_EXTENSIONS = YES;
				CLANG_ANALYZER_NONNULL = YES;
				CLANG_ANALYZER_NUMBER_OBJECT_CONVERSION = YES_AGGRESSIVE;
				CLANG_CXX_LANGUAGE_STANDARD = "gnu++20";
				CLANG_ENABLE_MODULES = YES;
				CLANG_ENABLE_OBJC_ARC = YES;
				CLANG_ENABLE_OBJC_WEAK = YES;
				CLANG_WARN_BLOCK_CAPTURE_AUTORELEASING = YES;
				CLANG_WARN_BOOL_CONVERSION = YES;
				CLANG_WARN_COMMA = YES;
				CLANG_WARN_CONSTANT_CONVERSION = YES;
				CLANG_WARN_DEPRECATED_OBJC_IMPLEMENTATIONS = YES;
				CLANG_WARN_DIRECT_OBJC_ISA_USAGE = YES_ERROR;
				CLANG_WARN_DOCUMENTATION_COMMENTS = YES;
				CLANG_WARN_EMPTY_BODY = YES;
				CLANG_WARN_ENUM_CONVERSION = YES;
				CLANG_WARN_INFINITE_RECURSION = YES;
				CLANG_WARN_INT_CONVERSION = YES;
				CLANG_WARN_NON_LITERAL_NULL_CONVERSION = YES;
				CLANG_WARN_OBJC_IMPLICIT_RETAIN_SELF = YES;
				CLANG_WARN_OBJC_LITERAL_CONVERSION = YES;
				CLANG_WARN_OBJC_ROOT_CLASS = YES_ERROR;
				CLANG_WARN_QUOTED_INCLUDE_IN_FRAMEWORK_HEADER = YES;
				CLANG_WARN_RANGE_LOOP_ANALYSIS = YES;
				CLANG_WARN_STRICT_PROTOTYPES = YES;
				CLANG_WARN_SUSPICIOUS_MOVE = YES;
				CLANG_WARN_UNGUARDED_AVAILABILITY = YES_AGGRESSIVE;
				CLANG_WARN_UNREACHABLE_CODE = YES;
				CLANG_WARN__DUPLICATE_METHOD_MATCH = YES;
				COPY_PHASE_STRIP = NO;
				DEBUG_INFORMATION_FORMAT = "dwarf-with-dsym";
				ENABLE_NS_ASSERTIONS = NO;
				ENABLE_STRICT_OBJC_MSGSEND = YES;
				ENABLE_USER_SCRIPT_SANDBOXING = YES;
				GCC_C_LANGUAGE_STANDARD = gnu17;
				GCC_NO_COMMON_BLOCKS = YES;
				GCC_WARN_64_TO_32_BIT_CONVERSION = YES;
				GCC_WARN_ABOUT_RETURN_TYPE = YES_ERROR;
				GCC_WARN_UNDECLARED_SELECTOR = YES;
				GCC_WARN_UNINITIALIZED_AUTOS = YES_AGGRESSIVE;
				GCC_WARN_UNUSED_FUNCTION = YES;
				GCC_WARN_UNUSED_VARIABLE = YES;
				IPHONEOS_DEPLOYMENT_TARGET = 17.0;
				LOCALIZATION_PREFERS_STRING_CATALOGS = YES;
				MTL_ENABLE_DEBUG_INFO = NO;
				MTL_FAST_MATH = YES;
				SDKROOT = iphoneos;
				SWIFT_COMPILATION_MODE = wholemodule;
				VALIDATE_PRODUCT = YES;
			};
			name = Release;
		};
		414F1ED22B163E5600D1AC69 /* Debug */ = {
			isa = XCBuildConfiguration;
			buildSettings = {
				ASSETCATALOG_COMPILER_APPICON_NAME = AppIcon;
				ASSETCATALOG_COMPILER_GLOBAL_ACCENT_COLOR_NAME = AccentColor;
				CODE_SIGN_STYLE = Automatic;
				CURRENT_PROJECT_VERSION = 1;
				DEVELOPMENT_TEAM = 9L66N9CM8M;
				GENERATE_INFOPLIST_FILE = YES;
				INFOPLIST_FILE = Today/Info.plist;
				INFOPLIST_KEY_NSRemindersUsageDescription = Reminder;
				INFOPLIST_KEY_UIApplicationSupportsIndirectInputEvents = YES;
				INFOPLIST_KEY_UILaunchStoryboardName = LaunchScreen;
				INFOPLIST_KEY_UIMainStoryboardFile = Main;
				INFOPLIST_KEY_UISupportedInterfaceOrientations_iPad = "UIInterfaceOrientationPortrait UIInterfaceOrientationPortraitUpsideDown UIInterfaceOrientationLandscapeLeft UIInterfaceOrientationLandscapeRight";
				INFOPLIST_KEY_UISupportedInterfaceOrientations_iPhone = "UIInterfaceOrientationPortrait UIInterfaceOrientationLandscapeLeft UIInterfaceOrientationLandscapeRight";
				LD_RUNPATH_SEARCH_PATHS = (
					"$(inherited)",
					"@executable_path/Frameworks",
				);
				MARKETING_VERSION = 1.0;
				PRODUCT_BUNDLE_IDENTIFIER = nat.Today;
				PRODUCT_NAME = "$(TARGET_NAME)";
				SWIFT_EMIT_LOC_STRINGS = YES;
				SWIFT_VERSION = 5.0;
				TARGETED_DEVICE_FAMILY = "1,2";
			};
			name = Debug;
		};
		414F1ED32B163E5600D1AC69 /* Release */ = {
			isa = XCBuildConfiguration;
			buildSettings = {
				ASSETCATALOG_COMPILER_APPICON_NAME = AppIcon;
				ASSETCATALOG_COMPILER_GLOBAL_ACCENT_COLOR_NAME = AccentColor;
				CODE_SIGN_STYLE = Automatic;
				CURRENT_PROJECT_VERSION = 1;
				DEVELOPMENT_TEAM = 9L66N9CM8M;
				GENERATE_INFOPLIST_FILE = YES;
				INFOPLIST_FILE = Today/Info.plist;
				INFOPLIST_KEY_NSRemindersUsageDescription = Reminder;
				INFOPLIST_KEY_UIApplicationSupportsIndirectInputEvents = YES;
				INFOPLIST_KEY_UILaunchStoryboardName = LaunchScreen;
				INFOPLIST_KEY_UIMainStoryboardFile = Main;
				INFOPLIST_KEY_UISupportedInterfaceOrientations_iPad = "UIInterfaceOrientationPortrait UIInterfaceOrientationPortraitUpsideDown UIInterfaceOrientationLandscapeLeft UIInterfaceOrientationLandscapeRight";
				INFOPLIST_KEY_UISupportedInterfaceOrientations_iPhone = "UIInterfaceOrientationPortrait UIInterfaceOrientationLandscapeLeft UIInterfaceOrientationLandscapeRight";
				LD_RUNPATH_SEARCH_PATHS = (
					"$(inherited)",
					"@executable_path/Frameworks",
				);
				MARKETING_VERSION = 1.0;
				PRODUCT_BUNDLE_IDENTIFIER = nat.Today;
				PRODUCT_NAME = "$(TARGET_NAME)";
				SWIFT_EMIT_LOC_STRINGS = YES;
				SWIFT_VERSION = 5.0;
				TARGETED_DEVICE_FAMILY = "1,2";
			};
			name = Release;
		};
/* End XCBuildConfiguration section */

/* Begin XCConfigurationList section */
		414F1EB82B163E5500D1AC69 /* Build configuration list for PBXProject "Today" */ = {
			isa = XCConfigurationList;
			buildConfigurations = (
				414F1ECF2B163E5600D1AC69 /* Debug */,
				414F1ED02B163E5600D1AC69 /* Release */,
			);
			defaultConfigurationIsVisible = 0;
			defaultConfigurationName = Release;
		};
		414F1ED12B163E5600D1AC69 /* Build configuration list for PBXNativeTarget "Today" */ = {
			isa = XCConfigurationList;
			buildConfigurations = (
				414F1ED22B163E5600D1AC69 /* Debug */,
				414F1ED32B163E5600D1AC69 /* Release */,
			);
			defaultConfigurationIsVisible = 0;
			defaultConfigurationName = Release;
		};
/* End XCConfigurationList section */
	};
	rootObject = 414F1EB52B163E5500D1AC69 /* Project object */;
}
